
Microsoft Visual Studio Solution File, Format Version 12.00
# Visual Studio 2013
VisualStudioVersion = 12.0.30501.0
MinimumVisualStudioVersion = 10.0.40219.1
Project("{F2A71F9B-5D33-465A-A702-920D77279786}") = "DragonLegends", "DragonLegends\DragonLegends.fsproj", "{A8F7DA08-B8D6-4150-BCEE-7F418687FA08}"
EndProject
Project("{2150E333-8FDC-42A3-9474-1A3956D46DE8}") = ".nuget", ".nuget", "{6DF74D1E-AAE8-4DFD-9EEC-7B1805C54C4D}"
	ProjectSection(SolutionItems) = preProject
		.nuget\packages.config = .nuget\packages.config
	EndProjectSection
EndProject
Project("{F2A71F9B-5D33-465A-A702-920D77279786}") = "DragonLegends.Test", "DragonLegends.Test\DragonLegends.Test.fsproj", "{E799B086-2C80-4731-AD3F-DADEB12E1D44}"
EndProject
Global
	GlobalSection(SolutionConfigurationPlatforms) = preSolution
		Debug|Any CPU = Debug|Any CPU
		Release|Any CPU = Release|Any CPU
	EndGlobalSection
	GlobalSection(ProjectConfigurationPlatforms) = postSolution
		{A8F7DA08-B8D6-4150-BCEE-7F418687FA08}.Debug|Any CPU.ActiveCfg = Debug|Any CPU
		{A8F7DA08-B8D6-4150-BCEE-7F418687FA08}.Debug|Any CPU.Build.0 = Debug|Any CPU
		{A8F7DA08-B8D6-4150-BCEE-7F418687FA08}.Release|Any CPU.ActiveCfg = Release|Any CPU
		{A8F7DA08-B8D6-4150-BCEE-7F418687FA08}.Release|Any CPU.Build.0 = Release|Any CPU
		{E799B086-2C80-4731-AD3F-DADEB12E1D44}.Debug|Any CPU.ActiveCfg = Debug|Any CPU
		{E799B086-2C80-4731-AD3F-DADEB12E1D44}.Debug|Any CPU.Build.0 = Debug|Any CPU
		{E799B086-2C80-4731-AD3F-DADEB12E1D44}.Release|Any CPU.ActiveCfg = Release|Any CPU
		{E799B086-2C80-4731-AD3F-DADEB12E1D44}.Release|Any CPU.Build.0 = Release|Any CPU
	EndGlobalSection
	GlobalSection(SolutionProperties) = preSolution
		HideSolutionNode = FALSE
	EndGlobalSection
EndGlobal
